
Microsoft Visual Studio Solution File, Format Version 12.00
# Visual Studio Version 16
VisualStudioVersion = 16.0.31624.102
MinimumVisualStudioVersion = 10.0.40219.1
Project("{FAE04EC0-301F-11D3-BF4B-00C04F79EFBC}") = "LMS2", "LMS2\LMS2.csproj", "{27413CD0-E74A-4050-8CD8-257FD7DC8B22}"
EndProject
Global
	GlobalSection(SolutionConfigurationPlatforms) = preSolution
		Debug|Any CPU = Debug|Any CPU
		Release|Any CPU = Release|Any CPU
	EndGlobalSection
	GlobalSection(ProjectConfigurationPlatforms) = postSolution
		{27413CD0-E74A-4050-8CD8-257FD7DC8B22}.Debug|Any CPU.ActiveCfg = Debug|Any CPU
		{27413CD0-E74A-4050-8CD8-257FD7DC8B22}.Debug|Any CPU.Build.0 = Debug|Any CPU
		{27413CD0-E74A-4050-8CD8-257FD7DC8B22}.Release|Any CPU.ActiveCfg = Release|Any CPU
		{27413CD0-E74A-4050-8CD8-257FD7DC8B22}.Release|Any CPU.Build.0 = Release|Any CPU
	EndGlobalSection
	GlobalSection(SolutionProperties) = preSolution
		HideSolutionNode = FALSE
	EndGlobalSection
	GlobalSection(ExtensibilityGlobals) = postSolution
		SolutionGuid = {272816C7-61DA-4271-AE7D-4CDD5FC2B87E}
	EndGlobalSection
EndGlobal
